// !$*UTF8*$!
{
	archiveVersion = 1;
	classes = {
	};
	objectVersion = 46;
	objects = {

/* Begin PBXBuildFile section */
		571B54C1BA2EF747C6F40635 /* libPods-B_Category.a in Frameworks */ = {isa = PBXBuildFile; fileRef = A677998F8A00F49CDAF72767 /* libPods-B_Category.a */; };
		9F01145E1E2C953C00C67DA0 /* main.m in Sources */ = {isa = PBXBuildFile; fileRef = 9F01145D1E2C953C00C67DA0 /* main.m */; };
		9F0114611E2C953C00C67DA0 /* AppDelegate.m in Sources */ = {isa = PBXBuildFile; fileRef = 9F0114601E2C953C00C67DA0 /* AppDelegate.m */; };
		9F0114641E2C953C00C67DA0 /* ViewController.m in Sources */ = {isa = PBXBuildFile; fileRef = 9F0114631E2C953C00C67DA0 /* ViewController.m */; };
		9F0114671E2C953C00C67DA0 /* Main.storyboard in Resources */ = {isa = PBXBuildFile; fileRef = 9F0114651E2C953C00C67DA0 /* Main.storyboard */; };
		9F0114691E2C953C00C67DA0 /* Assets.xcassets in Resources */ = {isa = PBXBuildFile; fileRef = 9F0114681E2C953C00C67DA0 /* Assets.xcassets */; };
		9F01146C1E2C953C00C67DA0 /* LaunchScreen.storyboard in Resources */ = {isa = PBXBuildFile; fileRef = 9F01146A1E2C953C00C67DA0 /* LaunchScreen.storyboard */; };
/* End PBXBuildFile section */

/* Begin PBXFileReference section */
		65241F26B66DA06AC5946F65 /* Pods-B_Category.debug.xcconfig */ = {isa = PBXFileReference; includeInIndex = 1; lastKnownFileType = text.xcconfig; name = "Pods-B_Category.debug.xcconfig"; path = "Pods/Target Support Files/Pods-B_Category/Pods-B_Category.debug.xcconfig"; sourceTree = "<group>"; };
		9F0114591E2C953C00C67DA0 /* B_Category.app */ = {isa = PBXFileReference; explicitFileType = wrapper.application; includeInIndex = 0; path = B_Category.app; sourceTree = BUILT_PRODUCTS_DIR; };
		9F01145D1E2C953C00C67DA0 /* main.m */ = {isa = PBXFileReference; lastKnownFileType = sourcecode.c.objc; path = main.m; sourceTree = "<group>"; };
		9F01145F1E2C953C00C67DA0 /* AppDelegate.h */ = {isa = PBXFileReference; lastKnownFileType = sourcecode.c.h; path = AppDelegate.h; sourceTree = "<group>"; };
		9F0114601E2C953C00C67DA0 /* AppDelegate.m */ = {isa = PBXFileReference; lastKnownFileType = sourcecode.c.objc; path = AppDelegate.m; sourceTree = "<group>"; };
		9F0114621E2C953C00C67DA0 /* ViewController.h */ = {isa = PBXFileReference; lastKnownFileType = sourcecode.c.h; path = ViewController.h; sourceTree = "<group>"; };
		9F0114631E2C953C00C67DA0 /* ViewController.m */ = {isa = PBXFileReference; lastKnownFileType = sourcecode.c.objc; path = ViewController.m; sourceTree = "<group>"; };
		9F0114661E2C953C00C67DA0 /* Base */ = {isa = PBXFileReference; lastKnownFileType = file.storyboard; name = Base; path = Base.lproj/Main.storyboard; sourceTree = "<group>"; };
		9F0114681E2C953C00C67DA0 /* Assets.xcassets */ = {isa = PBXFileReference; lastKnownFileType = folder.assetcatalog; path = Assets.xcassets; sourceTree = "<group>"; };
		9F01146B1E2C953C00C67DA0 /* Base */ = {isa = PBXFileReference; lastKnownFileType = file.storyboard; name = Base; path = Base.lproj/LaunchScreen.storyboard; sourceTree = "<group>"; };
		9F01146D1E2C953C00C67DA0 /* Info.plist */ = {isa = PBXFileReference; lastKnownFileType = text.plist.xml; path = Info.plist; sourceTree = "<group>"; };
		A677998F8A00F49CDAF72767 /* libPods-B_Category.a */ = {isa = PBXFileReference; explicitFileType = archive.ar; includeInIndex = 0; path = "libPods-B_Category.a"; sourceTree = BUILT_PRODUCTS_DIR; };
		A8BF673BDA24368995E526E5 /* Pods-B_Category.release.xcconfig */ = {isa = PBXFileReference; includeInIndex = 1; lastKnownFileType = text.xcconfig; name = "Pods-B_Category.release.xcconfig"; path = "Pods/Target Support Files/Pods-B_Category/Pods-B_Category.release.xcconfig"; sourceTree = "<group>"; };
/* End PBXFileReference section */

/* Begin PBXFrameworksBuildPhase section */
		9F0114561E2C953C00C67DA0 /* Frameworks */ = {
			isa = PBXFrameworksBuildPhase;
			buildActionMask = 2147483647;
			files = (
				571B54C1BA2EF747C6F40635 /* libPods-B_Category.a in Frameworks */,
			);
			runOnlyForDeploymentPostprocessing = 0;
		};
/* End PBXFrameworksBuildPhase section */

/* Begin PBXGroup section */
		8116BB4078377215EC8E345F /* Pods */ = {
			isa = PBXGroup;
			children = (
				65241F26B66DA06AC5946F65 /* Pods-B_Category.debug.xcconfig */,
				A8BF673BDA24368995E526E5 /* Pods-B_Category.release.xcconfig */,
			);
			name = Pods;
			sourceTree = "<group>";
		};
		841A4B8F009FA86B8D7091AB /* Frameworks */ = {
			isa = PBXGroup;
			children = (
				A677998F8A00F49CDAF72767 /* libPods-B_Category.a */,
			);
			name = Frameworks;
			sourceTree = "<group>";
		};
		9F0114501E2C953C00C67DA0 = {
			isa = PBXGroup;
			children = (
				9F01145B1E2C953C00C67DA0 /* B_Category */,
				9F01145A1E2C953C00C67DA0 /* Products */,
				8116BB4078377215EC8E345F /* Pods */,
				841A4B8F009FA86B8D7091AB /* Frameworks */,
			);
			sourceTree = "<group>";
		};
		9F01145A1E2C953C00C67DA0 /* Products */ = {
			isa = PBXGroup;
			children = (
				9F0114591E2C953C00C67DA0 /* B_Category.app */,
			);
			name = Products;
			sourceTree = "<group>";
		};
		9F01145B1E2C953C00C67DA0 /* B_Category */ = {
			isa = PBXGroup;
			children = (
				9F01145F1E2C953C00C67DA0 /* AppDelegate.h */,
				9F0114601E2C953C00C67DA0 /* AppDelegate.m */,
				9F0114621E2C953C00C67DA0 /* ViewController.h */,
				9F0114631E2C953C00C67DA0 /* ViewController.m */,
				9F0114651E2C953C00C67DA0 /* Main.storyboard */,
				9F0114681E2C953C00C67DA0 /* Assets.xcassets */,
				9F01146A1E2C953C00C67DA0 /* LaunchScreen.storyboard */,
				9F01146D1E2C953C00C67DA0 /* Info.plist */,
				9F01145C1E2C953C00C67DA0 /* Supporting Files */,
			);
			path = B_Category;
			sourceTree = "<group>";
		};
		9F01145C1E2C953C00C67DA0 /* Supporting Files */ = {
			isa = PBXGroup;
			children = (
				9F01145D1E2C953C00C67DA0 /* main.m */,
			);
			name = "Supporting Files";
			sourceTree = "<group>";
		};
/* End PBXGroup section */

/* Begin PBXNativeTarget section */
		9F0114581E2C953C00C67DA0 /* B_Category */ = {
			isa = PBXNativeTarget;
			buildConfigurationList = 9F0114701E2C953C00C67DA0 /* Build configuration list for PBXNativeTarget "B_Category" */;
			buildPhases = (
				91B1F928E48CBC223D4CB4C1 /* [CP] Check Pods Manifest.lock */,
				9F0114551E2C953C00C67DA0 /* Sources */,
				9F0114561E2C953C00C67DA0 /* Frameworks */,
				9F0114571E2C953C00C67DA0 /* Resources */,
				4418037C66DD9EFDA6492B73 /* [CP] Embed Pods Frameworks */,
				0ADB7F0747E6D65D80DBFDFD /* [CP] Copy Pods Resources */,
			);
			buildRules = (
			);
			dependencies = (
			);
			name = B_Category;
			productName = B_Category;
			productReference = 9F0114591E2C953C00C67DA0 /* B_Category.app */;
			productType = "com.apple.product-type.application";
		};
/* End PBXNativeTarget section */

/* Begin PBXProject section */
		9F0114511E2C953C00C67DA0 /* Project object */ = {
			isa = PBXProject;
			attributes = {
				LastUpgradeCheck = 0820;
				ORGANIZATIONNAME = Allen;
				TargetAttributes = {
					9F0114581E2C953C00C67DA0 = {
						CreatedOnToolsVersion = 8.2.1;
						ProvisioningStyle = Automatic;
					};
				};
			};
			buildConfigurationList = 9F0114541E2C953C00C67DA0 /* Build configuration list for PBXProject "B_Category" */;
			compatibilityVersion = "Xcode 3.2";
			developmentRegion = English;
			hasScannedForEncodings = 0;
			knownRegions = (
				en,
				Base,
			);
			mainGroup = 9F0114501E2C953C00C67DA0;
			productRefGroup = 9F01145A1E2C953C00C67DA0 /* Products */;
			projectDirPath = "";
			projectRoot = "";
			targets = (
				9F0114581E2C953C00C67DA0 /* B_Category */,
			);
		};
/* End PBXProject section */

/* Begin PBXResourcesBuildPhase section */
		9F0114571E2C953C00C67DA0 /* Resources */ = {
			isa = PBXResourcesBuildPhase;
			buildActionMask = 2147483647;
			files = (
				9F01146C1E2C953C00C67DA0 /* LaunchScreen.storyboard in Resources */,
				9F0114691E2C953C00C67DA0 /* Assets.xcassets in Resources */,
				9F0114671E2C953C00C67DA0 /* Main.storyboard in Resources */,
			);
			runOnlyForDeploymentPostprocessing = 0;
		};
/* End PBXResourcesBuildPhase section */

/* Begin PBXShellScriptBuildPhase section */
		0ADB7F0747E6D65D80DBFDFD /* [CP] Copy Pods Resources */ = {
			isa = PBXShellScriptBuildPhase;
			buildActionMask = 2147483647;
			files = (
			);
			inputPaths = (
			);
			name = "[CP] Copy Pods Resources";
			outputPaths = (
			);
			runOnlyForDeploymentPostprocessing = 0;
			shellPath = /bin/sh;
			shellScript = "\"${SRCROOT}/Pods/Target Support Files/Pods-B_Category/Pods-B_Category-resources.sh\"\n";
			showEnvVarsInLog = 0;
		};
		4418037C66DD9EFDA6492B73 /* [CP] Embed Pods Frameworks */ = {
			isa = PBXShellScriptBuildPhase;
			buildActionMask = 2147483647;
			files = (
			);
			inputPaths = (
			);
			name = "[CP] Embed Pods Frameworks";
			outputPaths = (
			);
			runOnlyForDeploymentPostprocessing = 0;
			shellPath = /bin/sh;
			shellScript = "\"${SRCROOT}/Pods/Target Support Files/Pods-B_Category/Pods-B_Category-frameworks.sh\"\n";
			showEnvVarsInLog = 0;
		};
		91B1F928E48CBC223D4CB4C1 /* [CP] Check Pods Manifest.lock */ = {
			isa = PBXShellScriptBuildPhase;
			buildActionMask = 2147483647;
			files = (
			);
			inputPaths = (
			);
			name = "[CP] Check Pods Manifest.lock";
			outputPaths = (
			);
			runOnlyForDeploymentPostprocessing = 0;
			shellPath = /bin/sh;
			shellScript = "diff \"${PODS_ROOT}/../Podfile.lock\" \"${PODS_ROOT}/Manifest.lock\" > /dev/null\nif [ $? != 0 ] ; then\n    # print error to STDERR\n    echo \"error: The sandbox is not in sync with the Podfile.lock. Run 'pod install' or update your CocoaPods installation.\" >&2\n    exit 1\nfi\n";
			showEnvVarsInLog = 0;
		};
/* End PBXShellScriptBuildPhase section */

/* Begin PBXSourcesBuildPhase section */
		9F0114551E2C953C00C67DA0 /* Sources */ = {
			isa = PBXSourcesBuildPhase;
			buildActionMask = 2147483647;
			files = (
				9F0114641E2C953C00C67DA0 /* ViewController.m in Sources */,
				9F0114611E2C953C00C67DA0 /* AppDelegate.m in Sources */,
				9F01145E1E2C953C00C67DA0 /* main.m in Sources */,
			);
			runOnlyForDeploymentPostprocessing = 0;
		};
/* End PBXSourcesBuildPhase section */

/* Begin PBXVariantGroup section */
		9F0114651E2C953C00C67DA0 /* Main.storyboard */ = {
			isa = PBXVariantGroup;
			children = (
				9F0114661E2C953C00C67DA0 /* Base */,
			);
			name = Main.storyboard;
			sourceTree = "<group>";
		};
		9F01146A1E2C953C00C67DA0 /* LaunchScreen.storyboard */ = {
			isa = PBXVariantGroup;
			children = (
				9F01146B1E2C953C00C67DA0 /* Base */,
			);
			name = LaunchScreen.storyboard;
			sourceTree = "<group>";
		};
/* End PBXVariantGroup section */

/* Begin XCBuildConfiguration section */
		9F01146E1E2C953C00C67DA0 /* Debug */ = {
			isa = XCBuildConfiguration;
			buildSettings = {
				ALWAYS_SEARCH_USER_PATHS = NO;
				CLANG_ANALYZER_NONNULL = YES;
				CLANG_CXX_LANGUAGE_STANDARD = "gnu++0x";
				CLANG_CXX_LIBRARY = "libc++";
				CLANG_ENABLE_MODULES = YES;
				CLANG_ENABLE_OBJC_ARC = YES;
				CLANG_WARN_BOOL_CONVERSION = YES;
				CLANG_WARN_CONSTANT_CONVERSION = YES;
				CLANG_WARN_DIRECT_OBJC_ISA_USAGE = YES_ERROR;
				CLANG_WARN_DOCUMENTATION_COMMENTS = YES;
				CLANG_WARN_EMPTY_BODY = YES;
				CLANG_WARN_ENUM_CONVERSION = YES;
				CLANG_WARN_INFINITE_RECURSION = YES;
				CLANG_WARN_INT_CONVERSION = YES;
				CLANG_WARN_OBJC_ROOT_CLASS = YES_ERROR;
				CLANG_WARN_SUSPICIOUS_MOVE = YES;
				CLANG_WARN_UNREACHABLE_CODE = YES;
				CLANG_WARN__DUPLICATE_METHOD_MATCH = YES;
				"CODE_SIGN_IDENTITY[sdk=iphoneos*]" = "iPhone Developer";
				COPY_PHASE_STRIP = NO;
				DEBUG_INFORMATION_FORMAT = dwarf;
				ENABLE_STRICT_OBJC_MSGSEND = YES;
				ENABLE_TESTABILITY = YES;
				GCC_C_LANGUAGE_STANDARD = gnu99;
				GCC_DYNAMIC_NO_PIC = NO;
				GCC_NO_COMMON_BLOCKS = YES;
				GCC_OPTIMIZATION_LEVEL = 0;
				GCC_PREPROCESSOR_DEFINITIONS = (
					"DEBUG=1",
					"$(inherited)",
				);
				GCC_WARN_64_TO_32_BIT_CONVERSION = YES;
				GCC_WARN_ABOUT_RETURN_TYPE = YES_ERROR;
				GCC_WARN_UNDECLARED_SELECTOR = YES;
				GCC_WARN_UNINITIALIZED_AUTOS = YES_AGGRESSIVE;
				GCC_WARN_UNUSED_FUNCTION = YES;
				GCC_WARN_UNUSED_VARIABLE = YES;
				IPHONEOS_DEPLOYMENT_TARGET = 10.2;
				MTL_ENABLE_DEBUG_INFO = YES;
				ONLY_ACTIVE_ARCH = YES;
				SDKROOT = iphoneos;
			};
			name = Debug;
		};
		9F01146F1E2C953C00C67DA0 /* Release */ = {
			isa = XCBuildConfiguration;
			buildSettings = {
				ALWAYS_SEARCH_USER_PATHS = NO;
				CLANG_ANALYZER_NONNULL = YES;
				CLANG_CXX_LANGUAGE_STANDARD = "gnu++0x";
				CLANG_CXX_LIBRARY = "libc++";
				CLANG_ENABLE_MODULES = YES;
				CLANG_ENABLE_OBJC_ARC = YES;
				CLANG_WARN_BOOL_CONVERSION = YES;
				CLANG_WARN_CONSTANT_CONVERSION = YES;
				CLANG_WARN_DIRECT_OBJC_ISA_USAGE = YES_ERROR;
				CLANG_WARN_DOCUMENTATION_COMMENTS = YES;
				CLANG_WARN_EMPTY_BODY = YES;
				CLANG_WARN_ENUM_CONVERSION = YES;
				CLANG_WARN_INFINITE_RECURSION = YES;
				CLANG_WARN_INT_CONVERSION = YES;
				CLANG_WARN_OBJC_ROOT_CLASS = YES_ERROR;
				CLANG_WARN_SUSPICIOUS_MOVE = YES;
				CLANG_WARN_UNREACHABLE_CODE = YES;
				CLANG_WARN__DUPLICATE_METHOD_MATCH = YES;
				"CODE_SIGN_IDENTITY[sdk=iphoneos*]" = "iPhone Developer";
				COPY_PHASE_STRIP = NO;
				DEBUG_INFORMATION_FORMAT = "dwarf-with-dsym";
				ENABLE_NS_ASSERTIONS = NO;
				ENABLE_STRICT_OBJC_MSGSEND = YES;
				GCC_C_LANGUAGE_STANDARD = gnu99;
				GCC_NO_COMMON_BLOCKS = YES;
				GCC_WARN_64_TO_32_BIT_CONVERSION = YES;
				GCC_WARN_ABOUT_RETURN_TYPE = YES_ERROR;
				GCC_WARN_UNDECLARED_SELECTOR = YES;
				GCC_WARN_UNINITIALIZED_AUTOS = YES_AGGRESSIVE;
				GCC_WARN_UNUSED_FUNCTION = YES;
				GCC_WARN_UNUSED_VARIABLE = YES;
				IPHONEOS_DEPLOYMENT_TARGET = 10.2;
				MTL_ENABLE_DEBUG_INFO = NO;
				SDKROOT = iphoneos;
				VALIDATE_PRODUCT = YES;
			};
			name = Release;
		};
		9F0114711E2C953C00C67DA0 /* Debug */ = {
			isa = XCBuildConfiguration;
			baseConfigurationReference = 65241F26B66DA06AC5946F65 /* Pods-B_Category.debug.xcconfig */;
			buildSettings = {
				ASSETCATALOG_COMPILER_APPICON_NAME = AppIcon;
				INFOPLIST_FILE = B_Category/Info.plist;
				LD_RUNPATH_SEARCH_PATHS = "$(inherited) @executable_path/Frameworks";
				PRODUCT_BUNDLE_IDENTIFIER = "shuai.B-Category";
				PRODUCT_NAME = "$(TARGET_NAME)";
			};
			name = Debug;
		};
		9F0114721E2C953C00C67DA0 /* Release */ = {
			isa = XCBuildConfiguration;
			baseConfigurationReference = A8BF673BDA24368995E526E5 /* Pods-B_Category.release.xcconfig */;
			buildSettings = {
				ASSETCATALOG_COMPILER_APPICON_NAME = AppIcon;
				INFOPLIST_FILE = B_Category/Info.plist;
				LD_RUNPATH_SEARCH_PATHS = "$(inherited) @executable_path/Frameworks";
				PRODUCT_BUNDLE_IDENTIFIER = "shuai.B-Category";
				PRODUCT_NAME = "$(TARGET_NAME)";
			};
			name = Release;
		};
/* End XCBuildConfiguration section */

/* Begin XCConfigurationList section */
		9F0114541E2C953C00C67DA0 /* Build configuration list for PBXProject "B_Category" */ = {
			isa = XCConfigurationList;
			buildConfigurations = (
				9F01146E1E2C953C00C67DA0 /* Debug */,
				9F01146F1E2C953C00C67DA0 /* Release */,
			);
			defaultConfigurationIsVisible = 0;
			defaultConfigurationName = Release;
		};
		9F0114701E2C953C00C67DA0 /* Build configuration list for PBXNativeTarget "B_Category" */ = {
			isa = XCConfigurationList;
			buildConfigurations = (
				9F0114711E2C953C00C67DA0 /* Debug */,
				9F0114721E2C953C00C67DA0 /* Release */,
			);
			defaultConfigurationIsVisible = 0;
		};
/* End XCConfigurationList section */
	};
	rootObject = 9F0114511E2C953C00C67DA0 /* Project object */;
}
